// !$*UTF8*$!
{
	archiveVersion = 1;
	classes = {
	};
	objectVersion = 46;
	objects = {

/* Begin PBXBuildFile section */
		7B06D6871D0374AF0027004A /* Constants.swift in Sources */ = {isa = PBXBuildFile; fileRef = 7B06D6861D0374AF0027004A /* Constants.swift */; };
		7B06D68B1D038D350027004A /* AlbumLib.swift in Sources */ = {isa = PBXBuildFile; fileRef = 7B06D68A1D038D350027004A /* AlbumLib.swift */; };
		7B06D68D1D04AECC0027004A /* GoogleService-Info.plist in Resources */ = {isa = PBXBuildFile; fileRef = 7B06D68C1D04AECB0027004A /* GoogleService-Info.plist */; };
		7B5BCA291CFCD29100055981 /* AppDelegate.swift in Sources */ = {isa = PBXBuildFile; fileRef = 7B5BCA281CFCD29100055981 /* AppDelegate.swift */; };
		7B5BCA2E1CFCD29100055981 /* Main.storyboard in Resources */ = {isa = PBXBuildFile; fileRef = 7B5BCA2C1CFCD29100055981 /* Main.storyboard */; };
		7B5BCA301CFCD29100055981 /* Assets.xcassets in Resources */ = {isa = PBXBuildFile; fileRef = 7B5BCA2F1CFCD29100055981 /* Assets.xcassets */; };
		7B5BCA331CFCD29100055981 /* LaunchScreen.storyboard in Resources */ = {isa = PBXBuildFile; fileRef = 7B5BCA311CFCD29100055981 /* LaunchScreen.storyboard */; };
		7B5BCA3B1CFCD66200055981 /* AlbumsTableViewController.swift in Sources */ = {isa = PBXBuildFile; fileRef = 7B5BCA3A1CFCD66200055981 /* AlbumsTableViewController.swift */; };
		7B5BCA3D1CFE9CDE00055981 /* AlbumsTableViewCell.swift in Sources */ = {isa = PBXBuildFile; fileRef = 7B5BCA3C1CFE9CDE00055981 /* AlbumsTableViewCell.swift */; };
		7BBC1F191D0683F900A827C5 /* PicturesCollectionViewController.swift in Sources */ = {isa = PBXBuildFile; fileRef = 7BBC1F181D0683F900A827C5 /* PicturesCollectionViewController.swift */; };
		7BBC1F1B1D06EF9D00A827C5 /* PicturesCollectionViewCell.swift in Sources */ = {isa = PBXBuildFile; fileRef = 7BBC1F1A1D06EF9D00A827C5 /* PicturesCollectionViewCell.swift */; };
		7BBC1F1D1D098AFB00A827C5 /* AlbumsCollectionViewController.swift in Sources */ = {isa = PBXBuildFile; fileRef = 7BBC1F1C1D098AFB00A827C5 /* AlbumsCollectionViewController.swift */; };
		7BBC1F1F1D09906900A827C5 /* AlbumsCollectionViewCell.swift in Sources */ = {isa = PBXBuildFile; fileRef = 7BBC1F1E1D09906900A827C5 /* AlbumsCollectionViewCell.swift */; };
		BF6070569397E0D1CC50986B /* Pods_Album_Creator.framework in Frameworks */ = {isa = PBXBuildFile; fileRef = D4B47ACF113235DDEB5CD66D /* Pods_Album_Creator.framework */; };
/* End PBXBuildFile section */

/* Begin PBXFileReference section */
		7B06D6861D0374AF0027004A /* Constants.swift */ = {isa = PBXFileReference; fileEncoding = 4; lastKnownFileType = sourcecode.swift; path = Constants.swift; sourceTree = "<group>"; };
		7B06D68A1D038D350027004A /* AlbumLib.swift */ = {isa = PBXFileReference; fileEncoding = 4; lastKnownFileType = sourcecode.swift; path = AlbumLib.swift; sourceTree = "<group>"; };
		7B06D68C1D04AECB0027004A /* GoogleService-Info.plist */ = {isa = PBXFileReference; fileEncoding = 4; lastKnownFileType = text.plist.xml; path = "GoogleService-Info.plist"; sourceTree = "<group>"; };
		7B5BCA251CFCD29100055981 /* Album Creator.app */ = {isa = PBXFileReference; explicitFileType = wrapper.application; includeInIndex = 0; path = "Album Creator.app"; sourceTree = BUILT_PRODUCTS_DIR; };
		7B5BCA281CFCD29100055981 /* AppDelegate.swift */ = {isa = PBXFileReference; lastKnownFileType = sourcecode.swift; path = AppDelegate.swift; sourceTree = "<group>"; };
		7B5BCA2D1CFCD29100055981 /* Base */ = {isa = PBXFileReference; lastKnownFileType = file.storyboard; name = Base; path = Base.lproj/Main.storyboard; sourceTree = "<group>"; };
		7B5BCA2F1CFCD29100055981 /* Assets.xcassets */ = {isa = PBXFileReference; lastKnownFileType = folder.assetcatalog; path = Assets.xcassets; sourceTree = "<group>"; };
		7B5BCA321CFCD29100055981 /* Base */ = {isa = PBXFileReference; lastKnownFileType = file.storyboard; name = Base; path = Base.lproj/LaunchScreen.storyboard; sourceTree = "<group>"; };
		7B5BCA341CFCD29100055981 /* Info.plist */ = {isa = PBXFileReference; lastKnownFileType = text.plist.xml; path = Info.plist; sourceTree = "<group>"; };
		7B5BCA3A1CFCD66200055981 /* AlbumsTableViewController.swift */ = {isa = PBXFileReference; fileEncoding = 4; lastKnownFileType = sourcecode.swift; path = AlbumsTableViewController.swift; sourceTree = "<group>"; };
		7B5BCA3C1CFE9CDE00055981 /* AlbumsTableViewCell.swift */ = {isa = PBXFileReference; fileEncoding = 4; lastKnownFileType = sourcecode.swift; path = AlbumsTableViewCell.swift; sourceTree = "<group>"; };
		7BBC1F181D0683F900A827C5 /* PicturesCollectionViewController.swift */ = {isa = PBXFileReference; fileEncoding = 4; lastKnownFileType = sourcecode.swift; path = PicturesCollectionViewController.swift; sourceTree = "<group>"; };
		7BBC1F1A1D06EF9D00A827C5 /* PicturesCollectionViewCell.swift */ = {isa = PBXFileReference; fileEncoding = 4; lastKnownFileType = sourcecode.swift; path = PicturesCollectionViewCell.swift; sourceTree = "<group>"; };
		7BBC1F1C1D098AFB00A827C5 /* AlbumsCollectionViewController.swift */ = {isa = PBXFileReference; fileEncoding = 4; lastKnownFileType = sourcecode.swift; path = AlbumsCollectionViewController.swift; sourceTree = "<group>"; };
		7BBC1F1E1D09906900A827C5 /* AlbumsCollectionViewCell.swift */ = {isa = PBXFileReference; fileEncoding = 4; lastKnownFileType = sourcecode.swift; path = AlbumsCollectionViewCell.swift; sourceTree = "<group>"; };
		99E5F438D0DE486A327BF7E5 /* Pods-Album Creator.debug.xcconfig */ = {isa = PBXFileReference; includeInIndex = 1; lastKnownFileType = text.xcconfig; name = "Pods-Album Creator.debug.xcconfig"; path = "Pods/Target Support Files/Pods-Album Creator/Pods-Album Creator.debug.xcconfig"; sourceTree = "<group>"; };
		D4B47ACF113235DDEB5CD66D /* Pods_Album_Creator.framework */ = {isa = PBXFileReference; explicitFileType = wrapper.framework; includeInIndex = 0; path = Pods_Album_Creator.framework; sourceTree = BUILT_PRODUCTS_DIR; };
		EAFFDB6CE3981DD2F2A14649 /* Pods-Album Creator.release.xcconfig */ = {isa = PBXFileReference; includeInIndex = 1; lastKnownFileType = text.xcconfig; name = "Pods-Album Creator.release.xcconfig"; path = "Pods/Target Support Files/Pods-Album Creator/Pods-Album Creator.release.xcconfig"; sourceTree = "<group>"; };
/* End PBXFileReference section */

/* Begin PBXFrameworksBuildPhase section */
		7B5BCA221CFCD29100055981 /* Frameworks */ = {
			isa = PBXFrameworksBuildPhase;
			buildActionMask = 2147483647;
			files = (
				BF6070569397E0D1CC50986B /* Pods_Album_Creator.framework in Frameworks */,
			);
			runOnlyForDeploymentPostprocessing = 0;
		};
/* End PBXFrameworksBuildPhase section */

/* Begin PBXGroup section */
		08CE31AEA2B0221E2291B41B /* Pods */ = {
			isa = PBXGroup;
			children = (
				99E5F438D0DE486A327BF7E5 /* Pods-Album Creator.debug.xcconfig */,
				EAFFDB6CE3981DD2F2A14649 /* Pods-Album Creator.release.xcconfig */,
			);
			name = Pods;
			sourceTree = "<group>";
		};
		5FD8431D878172C50089FA9E /* Frameworks */ = {
			isa = PBXGroup;
			children = (
				D4B47ACF113235DDEB5CD66D /* Pods_Album_Creator.framework */,
			);
			name = Frameworks;
			sourceTree = "<group>";
		};
		7B5BCA1C1CFCD29100055981 = {
			isa = PBXGroup;
			children = (
				7B5BCA271CFCD29100055981 /* Album Creator */,
				7B5BCA261CFCD29100055981 /* Products */,
				08CE31AEA2B0221E2291B41B /* Pods */,
				5FD8431D878172C50089FA9E /* Frameworks */,
			);
			sourceTree = "<group>";
		};
		7B5BCA261CFCD29100055981 /* Products */ = {
			isa = PBXGroup;
			children = (
				7B5BCA251CFCD29100055981 /* Album Creator.app */,
			);
			name = Products;
			sourceTree = "<group>";
		};
		7B5BCA271CFCD29100055981 /* Album Creator */ = {
			isa = PBXGroup;
			children = (
				7B5BCA281CFCD29100055981 /* AppDelegate.swift */,
				7BBC1F1C1D098AFB00A827C5 /* AlbumsCollectionViewController.swift */,
				7BBC1F1E1D09906900A827C5 /* AlbumsCollectionViewCell.swift */,
				7BBC1F181D0683F900A827C5 /* PicturesCollectionViewController.swift */,
				7BBC1F1A1D06EF9D00A827C5 /* PicturesCollectionViewCell.swift */,
				7B06D6861D0374AF0027004A /* Constants.swift */,
				7B06D68A1D038D350027004A /* AlbumLib.swift */,
				7B5BCA2C1CFCD29100055981 /* Main.storyboard */,
				7B5BCA311CFCD29100055981 /* LaunchScreen.storyboard */,
				7B5BCA2F1CFCD29100055981 /* Assets.xcassets */,
				7B06D68C1D04AECB0027004A /* GoogleService-Info.plist */,
				7B5BCA341CFCD29100055981 /* Info.plist */,
				7B5BCA3C1CFE9CDE00055981 /* AlbumsTableViewCell.swift */,
				7B5BCA3A1CFCD66200055981 /* AlbumsTableViewController.swift */,
			);
			path = "Album Creator";
			sourceTree = "<group>";
		};
/* End PBXGroup section */

/* Begin PBXNativeTarget section */
		7B5BCA241CFCD29100055981 /* Album Creator */ = {
			isa = PBXNativeTarget;
			buildConfigurationList = 7B5BCA371CFCD29100055981 /* Build configuration list for PBXNativeTarget "Album Creator" */;
			buildPhases = (
				0AD33C42F949DC80DFF11AD7 /* [CP] Check Pods Manifest.lock */,
				7B5BCA211CFCD29100055981 /* Sources */,
				7B5BCA221CFCD29100055981 /* Frameworks */,
				7B5BCA231CFCD29100055981 /* Resources */,
				005057281E66A4451BB3902E /* [CP] Embed Pods Frameworks */,
				E0CB7D9110E14018471C5218 /* [CP] Copy Pods Resources */,
			);
			buildRules = (
			);
			dependencies = (
			);
			name = "Album Creator";
			productName = "Album Creator";
			productReference = 7B5BCA251CFCD29100055981 /* Album Creator.app */;
			productType = "com.apple.product-type.application";
		};
/* End PBXNativeTarget section */

/* Begin PBXProject section */
		7B5BCA1D1CFCD29100055981 /* Project object */ = {
			isa = PBXProject;
			attributes = {
				LastSwiftUpdateCheck = 0730;
				LastUpgradeCheck = 0730;
				ORGANIZATIONNAME = agarwals;
				TargetAttributes = {
					7B5BCA241CFCD29100055981 = {
						CreatedOnToolsVersion = 7.3.1;
						DevelopmentTeam = LLZ66ZK6W6;
					};
				};
			};
			buildConfigurationList = 7B5BCA201CFCD29100055981 /* Build configuration list for PBXProject "Album Creator" */;
			compatibilityVersion = "Xcode 3.2";
			developmentRegion = English;
			hasScannedForEncodings = 0;
			knownRegions = (
				en,
				Base,
			);
			mainGroup = 7B5BCA1C1CFCD29100055981;
			productRefGroup = 7B5BCA261CFCD29100055981 /* Products */;
			projectDirPath = "";
			projectRoot = "";
			targets = (
				7B5BCA241CFCD29100055981 /* Album Creator */,
			);
		};
/* End PBXProject section */

/* Begin PBXResourcesBuildPhase section */
		7B5BCA231CFCD29100055981 /* Resources */ = {
			isa = PBXResourcesBuildPhase;
			buildActionMask = 2147483647;
			files = (
				7B5BCA331CFCD29100055981 /* LaunchScreen.storyboard in Resources */,
				7B06D68D1D04AECC0027004A /* GoogleService-Info.plist in Resources */,
				7B5BCA301CFCD29100055981 /* Assets.xcassets in Resources */,
				7B5BCA2E1CFCD29100055981 /* Main.storyboard in Resources */,
			);
			runOnlyForDeploymentPostprocessing = 0;
		};
/* End PBXResourcesBuildPhase section */

/* Begin PBXShellScriptBuildPhase section */
		005057281E66A4451BB3902E /* [CP] Embed Pods Frameworks */ = {
			isa = PBXShellScriptBuildPhase;
			buildActionMask = 2147483647;
			files = (
			);
			inputPaths = (
			);
			name = "[CP] Embed Pods Frameworks";
			outputPaths = (
			);
			runOnlyForDeploymentPostprocessing = 0;
			shellPath = /bin/sh;
			shellScript = "\"${SRCROOT}/Pods/Target Support Files/Pods-Album Creator/Pods-Album Creator-frameworks.sh\"\n";
			showEnvVarsInLog = 0;
		};
		0AD33C42F949DC80DFF11AD7 /* [CP] Check Pods Manifest.lock */ = {
			isa = PBXShellScriptBuildPhase;
			buildActionMask = 2147483647;
			files = (
			);
			inputPaths = (
			);
			name = "[CP] Check Pods Manifest.lock";
			outputPaths = (
			);
			runOnlyForDeploymentPostprocessing = 0;
			shellPath = /bin/sh;
			shellScript = "diff \"${PODS_ROOT}/../Podfile.lock\" \"${PODS_ROOT}/Manifest.lock\" > /dev/null\nif [[ $? != 0 ]] ; then\n    cat << EOM\nerror: The sandbox is not in sync with the Podfile.lock. Run 'pod install' or update your CocoaPods installation.\nEOM\n    exit 1\nfi\n";
			showEnvVarsInLog = 0;
		};
		E0CB7D9110E14018471C5218 /* [CP] Copy Pods Resources */ = {
			isa = PBXShellScriptBuildPhase;
			buildActionMask = 2147483647;
			files = (
			);
			inputPaths = (
			);
			name = "[CP] Copy Pods Resources";
			outputPaths = (
			);
			runOnlyForDeploymentPostprocessing = 0;
			shellPath = /bin/sh;
			shellScript = "\"${SRCROOT}/Pods/Target Support Files/Pods-Album Creator/Pods-Album Creator-resources.sh\"\n";
			showEnvVarsInLog = 0;
		};
/* End PBXShellScriptBuildPhase section */

/* Begin PBXSourcesBuildPhase section */
		7B5BCA211CFCD29100055981 /* Sources */ = {
			isa = PBXSourcesBuildPhase;
			buildActionMask = 2147483647;
			files = (
				7B06D6871D0374AF0027004A /* Constants.swift in Sources */,
				7B5BCA3B1CFCD66200055981 /* AlbumsTableViewController.swift in Sources */,
				7BBC1F1F1D09906900A827C5 /* AlbumsCollectionViewCell.swift in Sources */,
				7B5BCA291CFCD29100055981 /* AppDelegate.swift in Sources */,
				7B06D68B1D038D350027004A /* AlbumLib.swift in Sources */,
				7B5BCA3D1CFE9CDE00055981 /* AlbumsTableViewCell.swift in Sources */,
				7BBC1F191D0683F900A827C5 /* PicturesCollectionViewController.swift in Sources */,
				7BBC1F1D1D098AFB00A827C5 /* AlbumsCollectionViewController.swift in Sources */,
				7BBC1F1B1D06EF9D00A827C5 /* PicturesCollectionViewCell.swift in Sources */,
			);
			runOnlyForDeploymentPostprocessing = 0;
		};
/* End PBXSourcesBuildPhase section */

/* Begin PBXVariantGroup section */
		7B5BCA2C1CFCD29100055981 /* Main.storyboard */ = {
			isa = PBXVariantGroup;
			children = (
				7B5BCA2D1CFCD29100055981 /* Base */,
			);
			name = Main.storyboard;
			sourceTree = "<group>";
		};
		7B5BCA311CFCD29100055981 /* LaunchScreen.storyboard */ = {
			isa = PBXVariantGroup;
			children = (
				7B5BCA321CFCD29100055981 /* Base */,
			);
			name = LaunchScreen.storyboard;
			sourceTree = "<group>";
		};
/* End PBXVariantGroup section */

/* Begin XCBuildConfiguration section */
		7B5BCA351CFCD29100055981 /* Debug */ = {
			isa = XCBuildConfiguration;
			buildSettings = {
				ALWAYS_SEARCH_USER_PATHS = NO;
				CLANG_ANALYZER_NONNULL = YES;
				CLANG_CXX_LANGUAGE_STANDARD = "gnu++0x";
				CLANG_CXX_LIBRARY = "libc++";
				CLANG_ENABLE_MODULES = YES;
				CLANG_ENABLE_OBJC_ARC = YES;
				CLANG_WARN_BOOL_CONVERSION = YES;
				CLANG_WARN_CONSTANT_CONVERSION = YES;
				CLANG_WARN_DIRECT_OBJC_ISA_USAGE = YES_ERROR;
				CLANG_WARN_EMPTY_BODY = YES;
				CLANG_WARN_ENUM_CONVERSION = YES;
				CLANG_WARN_INT_CONVERSION = YES;
				CLANG_WARN_OBJC_ROOT_CLASS = YES_ERROR;
				CLANG_WARN_UNREACHABLE_CODE = YES;
				CLANG_WARN__DUPLICATE_METHOD_MATCH = YES;
				"CODE_SIGN_IDENTITY[sdk=iphoneos*]" = "iPhone Developer";
				COPY_PHASE_STRIP = NO;
				DEBUG_INFORMATION_FORMAT = dwarf;
				ENABLE_STRICT_OBJC_MSGSEND = YES;
				ENABLE_TESTABILITY = YES;
				GCC_C_LANGUAGE_STANDARD = gnu99;
				GCC_DYNAMIC_NO_PIC = NO;
				GCC_NO_COMMON_BLOCKS = YES;
				GCC_OPTIMIZATION_LEVEL = 0;
				GCC_PREPROCESSOR_DEFINITIONS = (
					"DEBUG=1",
					"$(inherited)",
				);
				GCC_WARN_64_TO_32_BIT_CONVERSION = YES;
				GCC_WARN_ABOUT_RETURN_TYPE = YES_ERROR;
				GCC_WARN_UNDECLARED_SELECTOR = YES;
				GCC_WARN_UNINITIALIZED_AUTOS = YES_AGGRESSIVE;
				GCC_WARN_UNUSED_FUNCTION = YES;
				GCC_WARN_UNUSED_VARIABLE = YES;
				IPHONEOS_DEPLOYMENT_TARGET = 9.3;
				MTL_ENABLE_DEBUG_INFO = YES;
				ONLY_ACTIVE_ARCH = YES;
				SDKROOT = iphoneos;
				SWIFT_OPTIMIZATION_LEVEL = "-Onone";
				TARGETED_DEVICE_FAMILY = "1,2";
			};
			name = Debug;
		};
		7B5BCA361CFCD29100055981 /* Release */ = {
			isa = XCBuildConfiguration;
			buildSettings = {
				ALWAYS_SEARCH_USER_PATHS = NO;
				CLANG_ANALYZER_NONNULL = YES;
				CLANG_CXX_LANGUAGE_STANDARD = "gnu++0x";
				CLANG_CXX_LIBRARY = "libc++";
				CLANG_ENABLE_MODULES = YES;
				CLANG_ENABLE_OBJC_ARC = YES;
				CLANG_WARN_BOOL_CONVERSION = YES;
				CLANG_WARN_CONSTANT_CONVERSION = YES;
				CLANG_WARN_DIRECT_OBJC_ISA_USAGE = YES_ERROR;
				CLANG_WARN_EMPTY_BODY = YES;
				CLANG_WARN_ENUM_CONVERSION = YES;
				CLANG_WARN_INT_CONVERSION = YES;
				CLANG_WARN_OBJC_ROOT_CLASS = YES_ERROR;
				CLANG_WARN_UNREACHABLE_CODE = YES;
				CLANG_WARN__DUPLICATE_METHOD_MATCH = YES;
				"CODE_SIGN_IDENTITY[sdk=iphoneos*]" = "iPhone Developer";
				COPY_PHASE_STRIP = NO;
				DEBUG_INFORMATION_FORMAT = "dwarf-with-dsym";
				ENABLE_NS_ASSERTIONS = NO;
				ENABLE_STRICT_OBJC_MSGSEND = YES;
				GCC_C_LANGUAGE_STANDARD = gnu99;
				GCC_NO_COMMON_BLOCKS = YES;
				GCC_WARN_64_TO_32_BIT_CONVERSION = YES;
				GCC_WARN_ABOUT_RETURN_TYPE = YES_ERROR;
				GCC_WARN_UNDECLARED_SELECTOR = YES;
				GCC_WARN_UNINITIALIZED_AUTOS = YES_AGGRESSIVE;
				GCC_WARN_UNUSED_FUNCTION = YES;
				GCC_WARN_UNUSED_VARIABLE = YES;
				IPHONEOS_DEPLOYMENT_TARGET = 9.3;
				MTL_ENABLE_DEBUG_INFO = NO;
				SDKROOT = iphoneos;
				TARGETED_DEVICE_FAMILY = "1,2";
				VALIDATE_PRODUCT = YES;
			};
			name = Release;
		};
		7B5BCA381CFCD29100055981 /* Debug */ = {
			isa = XCBuildConfiguration;
			baseConfigurationReference = 99E5F438D0DE486A327BF7E5 /* Pods-Album Creator.debug.xcconfig */;
			buildSettings = {
				ASSETCATALOG_COMPILER_APPICON_NAME = AppIcon;
				INFOPLIST_FILE = "Album Creator/Info.plist";
				LD_RUNPATH_SEARCH_PATHS = "$(inherited) @executable_path/Frameworks";
				PRODUCT_BUNDLE_IDENTIFIER = "com.agarwals.Album-Creator";
				PRODUCT_NAME = "$(TARGET_NAME)";
			};
			name = Debug;
		};
		7B5BCA391CFCD29100055981 /* Release */ = {
			isa = XCBuildConfiguration;
			baseConfigurationReference = EAFFDB6CE3981DD2F2A14649 /* Pods-Album Creator.release.xcconfig */;
			buildSettings = {
				ASSETCATALOG_COMPILER_APPICON_NAME = AppIcon;
				INFOPLIST_FILE = "Album Creator/Info.plist";
				LD_RUNPATH_SEARCH_PATHS = "$(inherited) @executable_path/Frameworks";
				PRODUCT_BUNDLE_IDENTIFIER = "com.agarwals.Album-Creator";
				PRODUCT_NAME = "$(TARGET_NAME)";
			};
			name = Release;
		};
/* End XCBuildConfiguration section */

/* Begin XCConfigurationList section */
		7B5BCA201CFCD29100055981 /* Build configuration list for PBXProject "Album Creator" */ = {
			isa = XCConfigurationList;
			buildConfigurations = (
				7B5BCA351CFCD29100055981 /* Debug */,
				7B5BCA361CFCD29100055981 /* Release */,
			);
			defaultConfigurationIsVisible = 0;
			defaultConfigurationName = Release;
		};
		7B5BCA371CFCD29100055981 /* Build configuration list for PBXNativeTarget "Album Creator" */ = {
			isa = XCConfigurationList;
			buildConfigurations = (
				7B5BCA381CFCD29100055981 /* Debug */,
				7B5BCA391CFCD29100055981 /* Release */,
			);
			defaultConfigurationIsVisible = 0;
			defaultConfigurationName = Release;
		};
/* End XCConfigurationList section */
	};
	rootObject = 7B5BCA1D1CFCD29100055981 /* Project object */;
}
